// !$*UTF8*$!
{
	archiveVersion = 1;
	classes = {
	};
	objectVersion = 48;
	objects = {

/* Begin PBXBuildFile section */
		440EA599207DF80000EB7389 /* AppDelegate.m in Sources */ = {isa = PBXBuildFile; fileRef = 440EA598207DF80000EB7389 /* AppDelegate.m */; };
		440EA59F207DF80000EB7389 /* Main.storyboard in Resources */ = {isa = PBXBuildFile; fileRef = 440EA59D207DF80000EB7389 /* Main.storyboard */; };
		440EA5A2207DF80000EB7389 /* MetersConversionTable.xcdatamodeld in Sources */ = {isa = PBXBuildFile; fileRef = 440EA5A0207DF80000EB7389 /* MetersConversionTable.xcdatamodeld */; };
		440EA5A4207DF80000EB7389 /* Assets.xcassets in Resources */ = {isa = PBXBuildFile; fileRef = 440EA5A3207DF80000EB7389 /* Assets.xcassets */; };
		440EA5A7207DF80000EB7389 /* LaunchScreen.storyboard in Resources */ = {isa = PBXBuildFile; fileRef = 440EA5A5207DF80000EB7389 /* LaunchScreen.storyboard */; };
		440EA5AA207DF80000EB7389 /* main.m in Sources */ = {isa = PBXBuildFile; fileRef = 440EA5A9207DF80000EB7389 /* main.m */; };
		440EA5B4207DF80000EB7389 /* MetersConversionTableTests.m in Sources */ = {isa = PBXBuildFile; fileRef = 440EA5B3207DF80000EB7389 /* MetersConversionTableTests.m */; };
		440EA5BF207DF80000EB7389 /* MetersConversionTableUITests.m in Sources */ = {isa = PBXBuildFile; fileRef = 440EA5BE207DF80000EB7389 /* MetersConversionTableUITests.m */; };
		440EA5CE207DF87100EB7389 /* dayModeButton@2x.png in Resources */ = {isa = PBXBuildFile; fileRef = 440EA5CD207DF87100EB7389 /* dayModeButton@2x.png */; };
		440EA5D2207DF8C200EB7389 /* ConversionTableViewCell.m in Sources */ = {isa = PBXBuildFile; fileRef = 440EA5D0207DF8C200EB7389 /* ConversionTableViewCell.m */; };
		440EA5D3207DF8C200EB7389 /* ConversionTableViewCell.xib in Resources */ = {isa = PBXBuildFile; fileRef = 440EA5D1207DF8C200EB7389 /* ConversionTableViewCell.xib */; };
		440EA5DF207E075D00EB7389 /* SettingTableViewController.m in Sources */ = {isa = PBXBuildFile; fileRef = 440EA5DE207E075D00EB7389 /* SettingTableViewController.m */; };
		440EA5E1207E0B1400EB7389 /* settingButton@2x.png in Resources */ = {isa = PBXBuildFile; fileRef = 440EA5E0207E0B1400EB7389 /* settingButton@2x.png */; };
		440EA5E4207E0DDB00EB7389 /* AreaTableViewController.m in Sources */ = {isa = PBXBuildFile; fileRef = 440EA5E3207E0DDB00EB7389 /* AreaTableViewController.m */; };
		440EA5E6207E105600EB7389 /* datas.json in Resources */ = {isa = PBXBuildFile; fileRef = 440EA5E5207E105600EB7389 /* datas.json */; };
		440EA5E9207F208100EB7389 /* MainTableViewController.m in Sources */ = {isa = PBXBuildFile; fileRef = 440EA5E8207F208100EB7389 /* MainTableViewController.m */; };
		44D5A6F9208073910031384A /* URLDownloader.m in Sources */ = {isa = PBXBuildFile; fileRef = 44D5A6F8208073910031384A /* URLDownloader.m */; };
/* End PBXBuildFile section */

/* Begin PBXContainerItemProxy section */
		440EA5B0207DF80000EB7389 /* PBXContainerItemProxy */ = {
			isa = PBXContainerItemProxy;
			containerPortal = 440EA58C207DF7FF00EB7389 /* Project object */;
			proxyType = 1;
			remoteGlobalIDString = 440EA593207DF80000EB7389;
			remoteInfo = MetersConversionTable;
		};
		440EA5BB207DF80000EB7389 /* PBXContainerItemProxy */ = {
			isa = PBXContainerItemProxy;
			containerPortal = 440EA58C207DF7FF00EB7389 /* Project object */;
			proxyType = 1;
			remoteGlobalIDString = 440EA593207DF80000EB7389;
			remoteInfo = MetersConversionTable;
		};
/* End PBXContainerItemProxy section */

/* Begin PBXFileReference section */
		440EA594207DF80000EB7389 /* MetersConversionTable.app */ = {isa = PBXFileReference; explicitFileType = wrapper.application; includeInIndex = 0; path = MetersConversionTable.app; sourceTree = BUILT_PRODUCTS_DIR; };
		440EA597207DF80000EB7389 /* AppDelegate.h */ = {isa = PBXFileReference; lastKnownFileType = sourcecode.c.h; path = AppDelegate.h; sourceTree = "<group>"; };
		440EA598207DF80000EB7389 /* AppDelegate.m */ = {isa = PBXFileReference; lastKnownFileType = sourcecode.c.objc; path = AppDelegate.m; sourceTree = "<group>"; };
		440EA59E207DF80000EB7389 /* Base */ = {isa = PBXFileReference; lastKnownFileType = file.storyboard; name = Base; path = Base.lproj/Main.storyboard; sourceTree = "<group>"; };
		440EA5A1207DF80000EB7389 /* MetersConversionTable.xcdatamodel */ = {isa = PBXFileReference; lastKnownFileType = wrapper.xcdatamodel; path = MetersConversionTable.xcdatamodel; sourceTree = "<group>"; };
		440EA5A3207DF80000EB7389 /* Assets.xcassets */ = {isa = PBXFileReference; lastKnownFileType = folder.assetcatalog; path = Assets.xcassets; sourceTree = "<group>"; };
		440EA5A6207DF80000EB7389 /* Base */ = {isa = PBXFileReference; lastKnownFileType = file.storyboard; name = Base; path = Base.lproj/LaunchScreen.storyboard; sourceTree = "<group>"; };
		440EA5A8207DF80000EB7389 /* Info.plist */ = {isa = PBXFileReference; lastKnownFileType = text.plist.xml; path = Info.plist; sourceTree = "<group>"; };
		440EA5A9207DF80000EB7389 /* main.m */ = {isa = PBXFileReference; lastKnownFileType = sourcecode.c.objc; path = main.m; sourceTree = "<group>"; };
		440EA5AF207DF80000EB7389 /* MetersConversionTableTests.xctest */ = {isa = PBXFileReference; explicitFileType = wrapper.cfbundle; includeInIndex = 0; path = MetersConversionTableTests.xctest; sourceTree = BUILT_PRODUCTS_DIR; };
		440EA5B3207DF80000EB7389 /* MetersConversionTableTests.m */ = {isa = PBXFileReference; lastKnownFileType = sourcecode.c.objc; path = MetersConversionTableTests.m; sourceTree = "<group>"; };
		440EA5B5207DF80000EB7389 /* Info.plist */ = {isa = PBXFileReference; lastKnownFileType = text.plist.xml; path = Info.plist; sourceTree = "<group>"; };
		440EA5BA207DF80000EB7389 /* MetersConversionTableUITests.xctest */ = {isa = PBXFileReference; explicitFileType = wrapper.cfbundle; includeInIndex = 0; path = MetersConversionTableUITests.xctest; sourceTree = BUILT_PRODUCTS_DIR; };
		440EA5BE207DF80000EB7389 /* MetersConversionTableUITests.m */ = {isa = PBXFileReference; lastKnownFileType = sourcecode.c.objc; path = MetersConversionTableUITests.m; sourceTree = "<group>"; };
		440EA5C0207DF80000EB7389 /* Info.plist */ = {isa = PBXFileReference; lastKnownFileType = text.plist.xml; path = Info.plist; sourceTree = "<group>"; };
		440EA5CD207DF87100EB7389 /* dayModeButton@2x.png */ = {isa = PBXFileReference; lastKnownFileType = image.png; name = "dayModeButton@2x.png"; path = "img/dayModeButton@2x.png"; sourceTree = SOURCE_ROOT; };
		440EA5CF207DF8C200EB7389 /* ConversionTableViewCell.h */ = {isa = PBXFileReference; lastKnownFileType = sourcecode.c.h; path = ConversionTableViewCell.h; sourceTree = "<group>"; };
		440EA5D0207DF8C200EB7389 /* ConversionTableViewCell.m */ = {isa = PBXFileReference; lastKnownFileType = sourcecode.c.objc; path = ConversionTableViewCell.m; sourceTree = "<group>"; };
		440EA5D1207DF8C200EB7389 /* ConversionTableViewCell.xib */ = {isa = PBXFileReference; lastKnownFileType = file.xib; path = ConversionTableViewCell.xib; sourceTree = "<group>"; };
		440EA5DD207E075D00EB7389 /* SettingTableViewController.h */ = {isa = PBXFileReference; lastKnownFileType = sourcecode.c.h; path = SettingTableViewController.h; sourceTree = "<group>"; };
		440EA5DE207E075D00EB7389 /* SettingTableViewController.m */ = {isa = PBXFileReference; lastKnownFileType = sourcecode.c.objc; path = SettingTableViewController.m; sourceTree = "<group>"; };
		440EA5E0207E0B1400EB7389 /* settingButton@2x.png */ = {isa = PBXFileReference; lastKnownFileType = image.png; name = "settingButton@2x.png"; path = "img/settingButton@2x.png"; sourceTree = SOURCE_ROOT; };
		440EA5E2207E0DDB00EB7389 /* AreaTableViewController.h */ = {isa = PBXFileReference; lastKnownFileType = sourcecode.c.h; path = AreaTableViewController.h; sourceTree = "<group>"; };
		440EA5E3207E0DDB00EB7389 /* AreaTableViewController.m */ = {isa = PBXFileReference; lastKnownFileType = sourcecode.c.objc; path = AreaTableViewController.m; sourceTree = "<group>"; };
		440EA5E5207E105600EB7389 /* datas.json */ = {isa = PBXFileReference; lastKnownFileType = text.json; path = datas.json; sourceTree = "<group>"; };
		440EA5E7207F208100EB7389 /* MainTableViewController.h */ = {isa = PBXFileReference; lastKnownFileType = sourcecode.c.h; path = MainTableViewController.h; sourceTree = "<group>"; };
		440EA5E8207F208100EB7389 /* MainTableViewController.m */ = {isa = PBXFileReference; lastKnownFileType = sourcecode.c.objc; path = MainTableViewController.m; sourceTree = "<group>"; };
		44D5A6F7208073910031384A /* URLDownloader.h */ = {isa = PBXFileReference; lastKnownFileType = sourcecode.c.h; path = URLDownloader.h; sourceTree = "<group>"; };
		44D5A6F8208073910031384A /* URLDownloader.m */ = {isa = PBXFileReference; lastKnownFileType = sourcecode.c.objc; path = URLDownloader.m; sourceTree = "<group>"; };
/* End PBXFileReference section */

/* Begin PBXFrameworksBuildPhase section */
		440EA591207DF80000EB7389 /* Frameworks */ = {
			isa = PBXFrameworksBuildPhase;
			buildActionMask = 2147483647;
			files = (
			);
			runOnlyForDeploymentPostprocessing = 0;
		};
		440EA5AC207DF80000EB7389 /* Frameworks */ = {
			isa = PBXFrameworksBuildPhase;
			buildActionMask = 2147483647;
			files = (
			);
			runOnlyForDeploymentPostprocessing = 0;
		};
		440EA5B7207DF80000EB7389 /* Frameworks */ = {
			isa = PBXFrameworksBuildPhase;
			buildActionMask = 2147483647;
			files = (
			);
			runOnlyForDeploymentPostprocessing = 0;
		};
/* End PBXFrameworksBuildPhase section */

/* Begin PBXGroup section */
		440EA58B207DF7FF00EB7389 = {
			isa = PBXGroup;
			children = (
				440EA596207DF80000EB7389 /* MetersConversionTable */,
				440EA5B2207DF80000EB7389 /* MetersConversionTableTests */,
				440EA5BD207DF80000EB7389 /* MetersConversionTableUITests */,
				440EA595207DF80000EB7389 /* Products */,
			);
			sourceTree = "<group>";
		};
		440EA595207DF80000EB7389 /* Products */ = {
			isa = PBXGroup;
			children = (
				440EA594207DF80000EB7389 /* MetersConversionTable.app */,
				440EA5AF207DF80000EB7389 /* MetersConversionTableTests.xctest */,
				440EA5BA207DF80000EB7389 /* MetersConversionTableUITests.xctest */,
			);
			name = Products;
			sourceTree = "<group>";
		};
		440EA596207DF80000EB7389 /* MetersConversionTable */ = {
			isa = PBXGroup;
			children = (
				440EA5CC207DF84E00EB7389 /* img */,
				440EA59D207DF80000EB7389 /* Main.storyboard */,
				440EA597207DF80000EB7389 /* AppDelegate.h */,
				440EA598207DF80000EB7389 /* AppDelegate.m */,
				440EA5E7207F208100EB7389 /* MainTableViewController.h */,
				440EA5E8207F208100EB7389 /* MainTableViewController.m */,
				440EA5D1207DF8C200EB7389 /* ConversionTableViewCell.xib */,
				440EA5CF207DF8C200EB7389 /* ConversionTableViewCell.h */,
				440EA5D0207DF8C200EB7389 /* ConversionTableViewCell.m */,
				440EA5E2207E0DDB00EB7389 /* AreaTableViewController.h */,
				440EA5E3207E0DDB00EB7389 /* AreaTableViewController.m */,
				440EA5DD207E075D00EB7389 /* SettingTableViewController.h */,
				440EA5DE207E075D00EB7389 /* SettingTableViewController.m */,
				44D5A6F7208073910031384A /* URLDownloader.h */,
				44D5A6F8208073910031384A /* URLDownloader.m */,
				440EA5A3207DF80000EB7389 /* Assets.xcassets */,
				440EA5A5207DF80000EB7389 /* LaunchScreen.storyboard */,
				440EA5A8207DF80000EB7389 /* Info.plist */,
				440EA5A9207DF80000EB7389 /* main.m */,
				440EA5A0207DF80000EB7389 /* MetersConversionTable.xcdatamodeld */,
				440EA5E5207E105600EB7389 /* datas.json */,
			);
			path = MetersConversionTable;
			sourceTree = "<group>";
		};
		440EA5B2207DF80000EB7389 /* MetersConversionTableTests */ = {
			isa = PBXGroup;
			children = (
				440EA5B3207DF80000EB7389 /* MetersConversionTableTests.m */,
				440EA5B5207DF80000EB7389 /* Info.plist */,
			);
			path = MetersConversionTableTests;
			sourceTree = "<group>";
		};
		440EA5BD207DF80000EB7389 /* MetersConversionTableUITests */ = {
			isa = PBXGroup;
			children = (
				440EA5BE207DF80000EB7389 /* MetersConversionTableUITests.m */,
				440EA5C0207DF80000EB7389 /* Info.plist */,
			);
			path = MetersConversionTableUITests;
			sourceTree = "<group>";
		};
		440EA5CC207DF84E00EB7389 /* img */ = {
			isa = PBXGroup;
			children = (
				440EA5E0207E0B1400EB7389 /* settingButton@2x.png */,
				440EA5CD207DF87100EB7389 /* dayModeButton@2x.png */,
			);
			path = img;
			sourceTree = "<group>";
		};
/* End PBXGroup section */

/* Begin PBXNativeTarget section */
		440EA593207DF80000EB7389 /* MetersConversionTable */ = {
			isa = PBXNativeTarget;
			buildConfigurationList = 440EA5C3207DF80000EB7389 /* Build configuration list for PBXNativeTarget "MetersConversionTable" */;
			buildPhases = (
				440EA590207DF80000EB7389 /* Sources */,
				440EA591207DF80000EB7389 /* Frameworks */,
				440EA592207DF80000EB7389 /* Resources */,
			);
			buildRules = (
			);
			dependencies = (
			);
			name = MetersConversionTable;
			productName = MetersConversionTable;
			productReference = 440EA594207DF80000EB7389 /* MetersConversionTable.app */;
			productType = "com.apple.product-type.application";
		};
		440EA5AE207DF80000EB7389 /* MetersConversionTableTests */ = {
			isa = PBXNativeTarget;
			buildConfigurationList = 440EA5C6207DF80000EB7389 /* Build configuration list for PBXNativeTarget "MetersConversionTableTests" */;
			buildPhases = (
				440EA5AB207DF80000EB7389 /* Sources */,
				440EA5AC207DF80000EB7389 /* Frameworks */,
				440EA5AD207DF80000EB7389 /* Resources */,
			);
			buildRules = (
			);
			dependencies = (
				440EA5B1207DF80000EB7389 /* PBXTargetDependency */,
			);
			name = MetersConversionTableTests;
			productName = MetersConversionTableTests;
			productReference = 440EA5AF207DF80000EB7389 /* MetersConversionTableTests.xctest */;
			productType = "com.apple.product-type.bundle.unit-test";
		};
		440EA5B9207DF80000EB7389 /* MetersConversionTableUITests */ = {
			isa = PBXNativeTarget;
			buildConfigurationList = 440EA5C9207DF80000EB7389 /* Build configuration list for PBXNativeTarget "MetersConversionTableUITests" */;
			buildPhases = (
				440EA5B6207DF80000EB7389 /* Sources */,
				440EA5B7207DF80000EB7389 /* Frameworks */,
				440EA5B8207DF80000EB7389 /* Resources */,
			);
			buildRules = (
			);
			dependencies = (
				440EA5BC207DF80000EB7389 /* PBXTargetDependency */,
			);
			name = MetersConversionTableUITests;
			productName = MetersConversionTableUITests;
			productReference = 440EA5BA207DF80000EB7389 /* MetersConversionTableUITests.xctest */;
			productType = "com.apple.product-type.bundle.ui-testing";
		};
/* End PBXNativeTarget section */

/* Begin PBXProject section */
		440EA58C207DF7FF00EB7389 /* Project object */ = {
			isa = PBXProject;
			attributes = {
				LastUpgradeCheck = 0930;
				ORGANIZATIONNAME = skyElements;
				TargetAttributes = {
					440EA593207DF80000EB7389 = {
						CreatedOnToolsVersion = 9.2;
						ProvisioningStyle = Automatic;
					};
					440EA5AE207DF80000EB7389 = {
						CreatedOnToolsVersion = 9.2;
						ProvisioningStyle = Automatic;
						TestTargetID = 440EA593207DF80000EB7389;
					};
					440EA5B9207DF80000EB7389 = {
						CreatedOnToolsVersion = 9.2;
						ProvisioningStyle = Automatic;
						TestTargetID = 440EA593207DF80000EB7389;
					};
				};
			};
			buildConfigurationList = 440EA58F207DF7FF00EB7389 /* Build configuration list for PBXProject "MetersConversionTable" */;
			compatibilityVersion = "Xcode 8.0";
			developmentRegion = en;
			hasScannedForEncodings = 0;
			knownRegions = (
				en,
				Base,
			);
			mainGroup = 440EA58B207DF7FF00EB7389;
			productRefGroup = 440EA595207DF80000EB7389 /* Products */;
			projectDirPath = "";
			projectRoot = "";
			targets = (
				440EA593207DF80000EB7389 /* MetersConversionTable */,
				440EA5AE207DF80000EB7389 /* MetersConversionTableTests */,
				440EA5B9207DF80000EB7389 /* MetersConversionTableUITests */,
			);
		};
/* End PBXProject section */

/* Begin PBXResourcesBuildPhase section */
		440EA592207DF80000EB7389 /* Resources */ = {
			isa = PBXResourcesBuildPhase;
			buildActionMask = 2147483647;
			files = (
				440EA5CE207DF87100EB7389 /* dayModeButton@2x.png in Resources */,
				440EA5A7207DF80000EB7389 /* LaunchScreen.storyboard in Resources */,
				440EA5A4207DF80000EB7389 /* Assets.xcassets in Resources */,
				440EA5E1207E0B1400EB7389 /* settingButton@2x.png in Resources */,
				440EA59F207DF80000EB7389 /* Main.storyboard in Resources */,
				440EA5E6207E105600EB7389 /* datas.json in Resources */,
				440EA5D3207DF8C200EB7389 /* ConversionTableViewCell.xib in Resources */,
			);
			runOnlyForDeploymentPostprocessing = 0;
		};
		440EA5AD207DF80000EB7389 /* Resources */ = {
			isa = PBXResourcesBuildPhase;
			buildActionMask = 2147483647;
			files = (
			);
			runOnlyForDeploymentPostprocessing = 0;
		};
		440EA5B8207DF80000EB7389 /* Resources */ = {
			isa = PBXResourcesBuildPhase;
			buildActionMask = 2147483647;
			files = (
			);
			runOnlyForDeploymentPostprocessing = 0;
		};
/* End PBXResourcesBuildPhase section */

/* Begin PBXSourcesBuildPhase section */
		440EA590207DF80000EB7389 /* Sources */ = {
			isa = PBXSourcesBuildPhase;
			buildActionMask = 2147483647;
			files = (
				440EA5E9207F208100EB7389 /* MainTableViewController.m in Sources */,
				440EA5A2207DF80000EB7389 /* MetersConversionTable.xcdatamodeld in Sources */,
				440EA5DF207E075D00EB7389 /* SettingTableViewController.m in Sources */,
				440EA5AA207DF80000EB7389 /* main.m in Sources */,
				44D5A6F9208073910031384A /* URLDownloader.m in Sources */,
				440EA5D2207DF8C200EB7389 /* ConversionTableViewCell.m in Sources */,
				440EA5E4207E0DDB00EB7389 /* AreaTableViewController.m in Sources */,
				440EA599207DF80000EB7389 /* AppDelegate.m in Sources */,
			);
			runOnlyForDeploymentPostprocessing = 0;
		};
		440EA5AB207DF80000EB7389 /* Sources */ = {
			isa = PBXSourcesBuildPhase;
			buildActionMask = 2147483647;
			files = (
				440EA5B4207DF80000EB7389 /* MetersConversionTableTests.m in Sources */,
			);
			runOnlyForDeploymentPostprocessing = 0;
		};
		440EA5B6207DF80000EB7389 /* Sources */ = {
			isa = PBXSourcesBuildPhase;
			buildActionMask = 2147483647;
			files = (
				440EA5BF207DF80000EB7389 /* MetersConversionTableUITests.m in Sources */,
			);
			runOnlyForDeploymentPostprocessing = 0;
		};
/* End PBXSourcesBuildPhase section */

/* Begin PBXTargetDependency section */
		440EA5B1207DF80000EB7389 /* PBXTargetDependency */ = {
			isa = PBXTargetDependency;
			target = 440EA593207DF80000EB7389 /* MetersConversionTable */;
			targetProxy = 440EA5B0207DF80000EB7389 /* PBXContainerItemProxy */;
		};
		440EA5BC207DF80000EB7389 /* PBXTargetDependency */ = {
			isa = PBXTargetDependency;
			target = 440EA593207DF80000EB7389 /* MetersConversionTable */;
			targetProxy = 440EA5BB207DF80000EB7389 /* PBXContainerItemProxy */;
		};
/* End PBXTargetDependency section */

/* Begin PBXVariantGroup section */
		440EA59D207DF80000EB7389 /* Main.storyboard */ = {
			isa = PBXVariantGroup;
			children = (
				440EA59E207DF80000EB7389 /* Base */,
			);
			name = Main.storyboard;
			sourceTree = "<group>";
		};
		440EA5A5207DF80000EB7389 /* LaunchScreen.storyboard */ = {
			isa = PBXVariantGroup;
			children = (
				440EA5A6207DF80000EB7389 /* Base */,
			);
			name = LaunchScreen.storyboard;
			sourceTree = "<group>";
		};
/* End PBXVariantGroup section */

/* Begin XCBuildConfiguration section */
		440EA5C1207DF80000EB7389 /* Debug */ = {
			isa = XCBuildConfiguration;
			buildSettings = {
				ALWAYS_SEARCH_USER_PATHS = NO;
				CLANG_ANALYZER_NONNULL = YES;
				CLANG_ANALYZER_NUMBER_OBJECT_CONVERSION = YES_AGGRESSIVE;
				CLANG_CXX_LANGUAGE_STANDARD = "gnu++14";
				CLANG_CXX_LIBRARY = "libc++";
				CLANG_ENABLE_MODULES = YES;
				CLANG_ENABLE_OBJC_ARC = YES;
				CLANG_WARN_BLOCK_CAPTURE_AUTORELEASING = YES;
				CLANG_WARN_BOOL_CONVERSION = YES;
				CLANG_WARN_COMMA = YES;
				CLANG_WARN_CONSTANT_CONVERSION = YES;
				CLANG_WARN_DEPRECATED_OBJC_IMPLEMENTATIONS = YES;
				CLANG_WARN_DIRECT_OBJC_ISA_USAGE = YES_ERROR;
				CLANG_WARN_DOCUMENTATION_COMMENTS = YES;
				CLANG_WARN_EMPTY_BODY = YES;
				CLANG_WARN_ENUM_CONVERSION = YES;
				CLANG_WARN_INFINITE_RECURSION = YES;
				CLANG_WARN_INT_CONVERSION = YES;
				CLANG_WARN_NON_LITERAL_NULL_CONVERSION = YES;
				CLANG_WARN_OBJC_IMPLICIT_RETAIN_SELF = YES;
				CLANG_WARN_OBJC_LITERAL_CONVERSION = YES;
				CLANG_WARN_OBJC_ROOT_CLASS = YES_ERROR;
				CLANG_WARN_RANGE_LOOP_ANALYSIS = YES;
				CLANG_WARN_STRICT_PROTOTYPES = YES;
				CLANG_WARN_SUSPICIOUS_MOVE = YES;
				CLANG_WARN_UNGUARDED_AVAILABILITY = YES_AGGRESSIVE;
				CLANG_WARN_UNREACHABLE_CODE = YES;
				CLANG_WARN__DUPLICATE_METHOD_MATCH = YES;
				CODE_SIGN_IDENTITY = "iPhone Developer";
				COPY_PHASE_STRIP = NO;
				DEBUG_INFORMATION_FORMAT = dwarf;
				ENABLE_STRICT_OBJC_MSGSEND = YES;
				ENABLE_TESTABILITY = YES;
				GCC_C_LANGUAGE_STANDARD = gnu11;
				GCC_DYNAMIC_NO_PIC = NO;
				GCC_NO_COMMON_BLOCKS = YES;
				GCC_OPTIMIZATION_LEVEL = 0;
				GCC_PREPROCESSOR_DEFINITIONS = (
					"DEBUG=1",
					"$(inherited)",
				);
				GCC_WARN_64_TO_32_BIT_CONVERSION = YES;
				GCC_WARN_ABOUT_RETURN_TYPE = YES_ERROR;
				GCC_WARN_UNDECLARED_SELECTOR = YES;
				GCC_WARN_UNINITIALIZED_AUTOS = YES_AGGRESSIVE;
				GCC_WARN_UNUSED_FUNCTION = YES;
				GCC_WARN_UNUSED_VARIABLE = YES;
				IPHONEOS_DEPLOYMENT_TARGET = 11.2;
				MTL_ENABLE_DEBUG_INFO = YES;
				ONLY_ACTIVE_ARCH = YES;
				SDKROOT = iphoneos;
			};
			name = Debug;
		};
		440EA5C2207DF80000EB7389 /* Release */ = {
			isa = XCBuildConfiguration;
			buildSettings = {
				ALWAYS_SEARCH_USER_PATHS = NO;
				CLANG_ANALYZER_NONNULL = YES;
				CLANG_ANALYZER_NUMBER_OBJECT_CONVERSION = YES_AGGRESSIVE;
				CLANG_CXX_LANGUAGE_STANDARD = "gnu++14";
				CLANG_CXX_LIBRARY = "libc++";
				CLANG_ENABLE_MODULES = YES;
				CLANG_ENABLE_OBJC_ARC = YES;
				CLANG_WARN_BLOCK_CAPTURE_AUTORELEASING = YES;
				CLANG_WARN_BOOL_CONVERSION = YES;
				CLANG_WARN_COMMA = YES;
				CLANG_WARN_CONSTANT_CONVERSION = YES;
				CLANG_WARN_DEPRECATED_OBJC_IMPLEMENTATIONS = YES;
				CLANG_WARN_DIRECT_OBJC_ISA_USAGE = YES_ERROR;
				CLANG_WARN_DOCUMENTATION_COMMENTS = YES;
				CLANG_WARN_EMPTY_BODY = YES;
				CLANG_WARN_ENUM_CONVERSION = YES;
				CLANG_WARN_INFINITE_RECURSION = YES;
				CLANG_WARN_INT_CONVERSION = YES;
				CLANG_WARN_NON_LITERAL_NULL_CONVERSION = YES;
				CLANG_WARN_OBJC_IMPLICIT_RETAIN_SELF = YES;
				CLANG_WARN_OBJC_LITERAL_CONVERSION = YES;
				CLANG_WARN_OBJC_ROOT_CLASS = YES_ERROR;
				CLANG_WARN_RANGE_LOOP_ANALYSIS = YES;
				CLANG_WARN_STRICT_PROTOTYPES = YES;
				CLANG_WARN_SUSPICIOUS_MOVE = YES;
				CLANG_WARN_UNGUARDED_AVAILABILITY = YES_AGGRESSIVE;
				CLANG_WARN_UNREACHABLE_CODE = YES;
				CLANG_WARN__DUPLICATE_METHOD_MATCH = YES;
				CODE_SIGN_IDENTITY = "iPhone Developer";
				COPY_PHASE_STRIP = NO;
				DEBUG_INFORMATION_FORMAT = "dwarf-with-dsym";
				ENABLE_NS_ASSERTIONS = NO;
				ENABLE_STRICT_OBJC_MSGSEND = YES;
				GCC_C_LANGUAGE_STANDARD = gnu11;
				GCC_NO_COMMON_BLOCKS = YES;
				GCC_WARN_64_TO_32_BIT_CONVERSION = YES;
				GCC_WARN_ABOUT_RETURN_TYPE = YES_ERROR;
				GCC_WARN_UNDECLARED_SELECTOR = YES;
				GCC_WARN_UNINITIALIZED_AUTOS = YES_AGGRESSIVE;
				GCC_WARN_UNUSED_FUNCTION = YES;
				GCC_WARN_UNUSED_VARIABLE = YES;
				IPHONEOS_DEPLOYMENT_TARGET = 11.2;
				MTL_ENABLE_DEBUG_INFO = NO;
				SDKROOT = iphoneos;
				VALIDATE_PRODUCT = YES;
			};
			name = Release;
		};
		440EA5C4207DF80000EB7389 /* Debug */ = {
			isa = XCBuildConfiguration;
			buildSettings = {
				ASSETCATALOG_COMPILER_APPICON_NAME = AppIcon;
				CODE_SIGN_STYLE = Automatic;
				DEVELOPMENT_TEAM = 5WD5CMA9WF;
				INFOPLIST_FILE = MetersConversionTable/Info.plist;
				IPHONEOS_DEPLOYMENT_TARGET = 11.0;
				LD_RUNPATH_SEARCH_PATHS = "$(inherited) @executable_path/Frameworks";
				PRODUCT_BUNDLE_IDENTIFIER = skyElements.MetersConversionTable;
				PRODUCT_NAME = "$(TARGET_NAME)";
				TARGETED_DEVICE_FAMILY = "1,2";
			};
			name = Debug;
		};
		440EA5C5207DF80000EB7389 /* Release */ = {
			isa = XCBuildConfiguration;
			buildSettings = {
				ASSETCATALOG_COMPILER_APPICON_NAME = AppIcon;
				CODE_SIGN_STYLE = Automatic;
				DEVELOPMENT_TEAM = 5WD5CMA9WF;
				INFOPLIST_FILE = MetersConversionTable/Info.plist;
				IPHONEOS_DEPLOYMENT_TARGET = 11.0;
				LD_RUNPATH_SEARCH_PATHS = "$(inherited) @executable_path/Frameworks";
				PRODUCT_BUNDLE_IDENTIFIER = skyElements.MetersConversionTable;
				PRODUCT_NAME = "$(TARGET_NAME)";
				TARGETED_DEVICE_FAMILY = "1,2";
			};
			name = Release;
		};
		440EA5C7207DF80000EB7389 /* Debug */ = {
			isa = XCBuildConfiguration;
			buildSettings = {
				BUNDLE_LOADER = "$(TEST_HOST)";
				CODE_SIGN_STYLE = Automatic;
				DEVELOPMENT_TEAM = 5WD5CMA9WF;
				INFOPLIST_FILE = MetersConversionTableTests/Info.plist;
				LD_RUNPATH_SEARCH_PATHS = "$(inherited) @executable_path/Frameworks @loader_path/Frameworks";
				PRODUCT_BUNDLE_IDENTIFIER = skyElements.MetersConversionTableTests;
				PRODUCT_NAME = "$(TARGET_NAME)";
				TARGETED_DEVICE_FAMILY = "1,2";
				TEST_HOST = "$(BUILT_PRODUCTS_DIR)/MetersConversionTable.app/MetersConversionTable";
			};
			name = Debug;
		};
		440EA5C8207DF80000EB7389 /* Release */ = {
			isa = XCBuildConfiguration;
			buildSettings = {
				BUNDLE_LOADER = "$(TEST_HOST)";
				CODE_SIGN_STYLE = Automatic;
				DEVELOPMENT_TEAM = 5WD5CMA9WF;
				INFOPLIST_FILE = MetersConversionTableTests/Info.plist;
				LD_RUNPATH_SEARCH_PATHS = "$(inherited) @executable_path/Frameworks @loader_path/Frameworks";
				PRODUCT_BUNDLE_IDENTIFIER = skyElements.MetersConversionTableTests;
				PRODUCT_NAME = "$(TARGET_NAME)";
				TARGETED_DEVICE_FAMILY = "1,2";
				TEST_HOST = "$(BUILT_PRODUCTS_DIR)/MetersConversionTable.app/MetersConversionTable";
			};
			name = Release;
		};
		440EA5CA207DF80000EB7389 /* Debug */ = {
			isa = XCBuildConfiguration;
			buildSettings = {
				CODE_SIGN_STYLE = Automatic;
				DEVELOPMENT_TEAM = 5WD5CMA9WF;
				INFOPLIST_FILE = MetersConversionTableUITests/Info.plist;
				LD_RUNPATH_SEARCH_PATHS = "$(inherited) @executable_path/Frameworks @loader_path/Frameworks";
				PRODUCT_BUNDLE_IDENTIFIER = skyElements.MetersConversionTableUITests;
				PRODUCT_NAME = "$(TARGET_NAME)";
				TARGETED_DEVICE_FAMILY = "1,2";
				TEST_TARGET_NAME = MetersConversionTable;
			};
			name = Debug;
		};
		440EA5CB207DF80000EB7389 /* Release */ = {
			isa = XCBuildConfiguration;
			buildSettings = {
				CODE_SIGN_STYLE = Automatic;
				DEVELOPMENT_TEAM = 5WD5CMA9WF;
				INFOPLIST_FILE = MetersConversionTableUITests/Info.plist;
				LD_RUNPATH_SEARCH_PATHS = "$(inherited) @executable_path/Frameworks @loader_path/Frameworks";
				PRODUCT_BUNDLE_IDENTIFIER = skyElements.MetersConversionTableUITests;
				PRODUCT_NAME = "$(TARGET_NAME)";
				TARGETED_DEVICE_FAMILY = "1,2";
				TEST_TARGET_NAME = MetersConversionTable;
			};
			name = Release;
		};
/* End XCBuildConfiguration section */

/* Begin XCConfigurationList section */
		440EA58F207DF7FF00EB7389 /* Build configuration list for PBXProject "MetersConversionTable" */ = {
			isa = XCConfigurationList;
			buildConfigurations = (
				440EA5C1207DF80000EB7389 /* Debug */,
				440EA5C2207DF80000EB7389 /* Release */,
			);
			defaultConfigurationIsVisible = 0;
			defaultConfigurationName = Release;
		};
		440EA5C3207DF80000EB7389 /* Build configuration list for PBXNativeTarget "MetersConversionTable" */ = {
			isa = XCConfigurationList;
			buildConfigurations = (
				440EA5C4207DF80000EB7389 /* Debug */,
				440EA5C5207DF80000EB7389 /* Release */,
			);
			defaultConfigurationIsVisible = 0;
			defaultConfigurationName = Release;
		};
		440EA5C6207DF80000EB7389 /* Build configuration list for PBXNativeTarget "MetersConversionTableTests" */ = {
			isa = XCConfigurationList;
			buildConfigurations = (
				440EA5C7207DF80000EB7389 /* Debug */,
				440EA5C8207DF80000EB7389 /* Release */,
			);
			defaultConfigurationIsVisible = 0;
			defaultConfigurationName = Release;
		};
		440EA5C9207DF80000EB7389 /* Build configuration list for PBXNativeTarget "MetersConversionTableUITests" */ = {
			isa = XCConfigurationList;
			buildConfigurations = (
				440EA5CA207DF80000EB7389 /* Debug */,
				440EA5CB207DF80000EB7389 /* Release */,
			);
			defaultConfigurationIsVisible = 0;
			defaultConfigurationName = Release;
		};
/* End XCConfigurationList section */

/* Begin XCVersionGroup section */
		440EA5A0207DF80000EB7389 /* MetersConversionTable.xcdatamodeld */ = {
			isa = XCVersionGroup;
			children = (
				440EA5A1207DF80000EB7389 /* MetersConversionTable.xcdatamodel */,
			);
			currentVersion = 440EA5A1207DF80000EB7389 /* MetersConversionTable.xcdatamodel */;
			path = MetersConversionTable.xcdatamodeld;
			sourceTree = "<group>";
			versionGroupType = wrapper.xcdatamodel;
		};
/* End XCVersionGroup section */
	};
	rootObject = 440EA58C207DF7FF00EB7389 /* Project object */;
}
